// !$*UTF8*$!
{
	archiveVersion = 1;
	classes = {
	};
	objectVersion = 46;
	objects = {

/* Begin PBXBuildFile section */
		8405529F1A0FB7DC003A3AD7 /* bite.wav in Resources */ = {isa = PBXBuildFile; fileRef = 8405529E1A0FB7DC003A3AD7 /* bite.wav */; };
		840552A11A0FB969003A3AD7 /* correct.wav in Resources */ = {isa = PBXBuildFile; fileRef = 840552A01A0FB969003A3AD7 /* correct.wav */; };
		840552A31A0FB981003A3AD7 /* incorrect.wav in Resources */ = {isa = PBXBuildFile; fileRef = 840552A21A0FB981003A3AD7 /* incorrect.wav */; };
		8425DF2E1A0B767C00953FD5 /* Reachability.m in Sources */ = {isa = PBXBuildFile; fileRef = 8425DF2D1A0B767C00953FD5 /* Reachability.m */; };
		8425DF311A0B76A700953FD5 /* PausedScene.m in Sources */ = {isa = PBXBuildFile; fileRef = 8425DF301A0B76A700953FD5 /* PausedScene.m */; };
		8425DF351A0B76CD00953FD5 /* NetworkConnectionChecker.m in Sources */ = {isa = PBXBuildFile; fileRef = 8425DF341A0B76CD00953FD5 /* NetworkConnectionChecker.m */; };
		8425DF411A0B770000953FD5 /* bubble.png in Resources */ = {isa = PBXBuildFile; fileRef = 8425DF371A0B770000953FD5 /* bubble.png */; };
		8425DF421A0B770000953FD5 /* fishes.atlas in Resources */ = {isa = PBXBuildFile; fileRef = 8425DF381A0B770000953FD5 /* fishes.atlas */; };
		8425DF431A0B770000953FD5 /* game_back@2x.png in Resources */ = {isa = PBXBuildFile; fileRef = 8425DF391A0B770000953FD5 /* game_back@2x.png */; };
		8425DF441A0B770000953FD5 /* manyFishes.png in Resources */ = {isa = PBXBuildFile; fileRef = 8425DF3A1A0B770000953FD5 /* manyFishes.png */; };
		8425DF451A0B770000953FD5 /* sharky.atlas in Resources */ = {isa = PBXBuildFile; fileRef = 8425DF3B1A0B770000953FD5 /* sharky.atlas */; };
		8425DF461A0B770000953FD5 /* sharky1@2x.png in Resources */ = {isa = PBXBuildFile; fileRef = 8425DF3C1A0B770000953FD5 /* sharky1@2x.png */; };
		8425DF471A0B770000953FD5 /* sharky2@2x.png in Resources */ = {isa = PBXBuildFile; fileRef = 8425DF3D1A0B770000953FD5 /* sharky2@2x.png */; };
		8425DF481A0B770000953FD5 /* silhouettes.atlas in Resources */ = {isa = PBXBuildFile; fileRef = 8425DF3E1A0B770000953FD5 /* silhouettes.atlas */; };
		8425DF491A0B770000953FD5 /* water_layer_over.png in Resources */ = {isa = PBXBuildFile; fileRef = 8425DF3F1A0B770000953FD5 /* water_layer_over.png */; };
		8425DF4A1A0B770000953FD5 /* menu_back.png in Resources */ = {isa = PBXBuildFile; fileRef = 8425DF401A0B770000953FD5 /* menu_back.png */; };
		8425DF501A0BE19A00953FD5 /* BubbleMaker.m in Sources */ = {isa = PBXBuildFile; fileRef = 8425DF4F1A0BE19A00953FD5 /* BubbleMaker.m */; };
		8447E0091A0A78CA00B10225 /* CoreDataHelper.m in Sources */ = {isa = PBXBuildFile; fileRef = 8447E0081A0A78CA00B10225 /* CoreDataHelper.m */; };
		8447E00B1A0A793600B10225 /* CoreData.framework in Frameworks */ = {isa = PBXBuildFile; fileRef = 8447E00A1A0A793600B10225 /* CoreData.framework */; };
		8464E2761A0647E700597E80 /* AVFoundation.framework in Frameworks */ = {isa = PBXBuildFile; fileRef = 8464E2751A0647E700597E80 /* AVFoundation.framework */; };
		849E7F261A0BEA7500EFD6D1 /* QuestionsWithAnswers.xcdatamodeld in Sources */ = {isa = PBXBuildFile; fileRef = 849E7F241A0BEA7500EFD6D1 /* QuestionsWithAnswers.xcdatamodeld */; };
		849E7F291A0BED0300EFD6D1 /* QuestionWithAnswer.m in Sources */ = {isa = PBXBuildFile; fileRef = 849E7F281A0BED0300EFD6D1 /* QuestionWithAnswer.m */; };
		84A145091A0818DB0063C63C /* Bolts.framework in Frameworks */ = {isa = PBXBuildFile; fileRef = 84A145061A0818DB0063C63C /* Bolts.framework */; };
		84A1450A1A0818DB0063C63C /* Parse.framework in Frameworks */ = {isa = PBXBuildFile; fileRef = 84A145071A0818DB0063C63C /* Parse.framework */; };
		84A1450B1A0818DB0063C63C /* ParseFacebookUtils.framework in Frameworks */ = {isa = PBXBuildFile; fileRef = 84A145081A0818DB0063C63C /* ParseFacebookUtils.framework */; };
		84A1450D1A081AB40063C63C /* AudioToolbox.framework in Frameworks */ = {isa = PBXBuildFile; fileRef = 84A1450C1A081AB40063C63C /* AudioToolbox.framework */; };
		84A1450F1A081AE70063C63C /* CFNetwork.framework in Frameworks */ = {isa = PBXBuildFile; fileRef = 84A1450E1A081AE70063C63C /* CFNetwork.framework */; };
		84A145111A081AF60063C63C /* CoreGraphics.framework in Frameworks */ = {isa = PBXBuildFile; fileRef = 84A145101A081AF60063C63C /* CoreGraphics.framework */; };
		84A145131A081B0F0063C63C /* CoreLocation.framework in Frameworks */ = {isa = PBXBuildFile; fileRef = 84A145121A081B0F0063C63C /* CoreLocation.framework */; };
		84A145151A081B270063C63C /* libz.dylib in Frameworks */ = {isa = PBXBuildFile; fileRef = 84A145141A081B270063C63C /* libz.dylib */; };
		84A145171A081B390063C63C /* MobileCoreServices.framework in Frameworks */ = {isa = PBXBuildFile; fileRef = 84A145161A081B390063C63C /* MobileCoreServices.framework */; };
		84A145191A081B500063C63C /* QuartzCore.framework in Frameworks */ = {isa = PBXBuildFile; fileRef = 84A145181A081B500063C63C /* QuartzCore.framework */; };
		84A1451B1A081B5F0063C63C /* Security.framework in Frameworks */ = {isa = PBXBuildFile; fileRef = 84A1451A1A081B5F0063C63C /* Security.framework */; };
		84A1451E1A081B750063C63C /* StoreKit.framework in Frameworks */ = {isa = PBXBuildFile; fileRef = 84A1451C1A081B750063C63C /* StoreKit.framework */; };
		84A1451F1A081B750063C63C /* SystemConfiguration.framework in Frameworks */ = {isa = PBXBuildFile; fileRef = 84A1451D1A081B750063C63C /* SystemConfiguration.framework */; };
		84A748821A0A05DA006D35FB /* BestScore.m in Sources */ = {isa = PBXBuildFile; fileRef = 84A748811A0A05DA006D35FB /* BestScore.m */; };
		84A82D401A0D372D007ED656 /* Underwater.wav in Resources */ = {isa = PBXBuildFile; fileRef = 84A82D3F1A0D372D007ED656 /* Underwater.wav */; };
		84B7891A1A0F70F200F8C80D /* QuestionWithAns.m in Sources */ = {isa = PBXBuildFile; fileRef = 84B789191A0F70F200F8C80D /* QuestionWithAns.m */; };
		84B7891E1A0F785000F8C80D /* TALocationProvider.m in Sources */ = {isa = PBXBuildFile; fileRef = 84B7891D1A0F785000F8C80D /* TALocationProvider.m */; };
		84B909E61A053823000DCA57 /* main.m in Sources */ = {isa = PBXBuildFile; fileRef = 84B909E51A053823000DCA57 /* main.m */; };
		84B909E91A053823000DCA57 /* AppDelegate.m in Sources */ = {isa = PBXBuildFile; fileRef = 84B909E81A053823000DCA57 /* AppDelegate.m */; };
		84B909EC1A053823000DCA57 /* MenuScene.m in Sources */ = {isa = PBXBuildFile; fileRef = 84B909EB1A053823000DCA57 /* MenuScene.m */; };
		84B909EE1A053823000DCA57 /* GameScene.sks in Resources */ = {isa = PBXBuildFile; fileRef = 84B909ED1A053823000DCA57 /* GameScene.sks */; };
		84B909F11A053823000DCA57 /* GameViewController.m in Sources */ = {isa = PBXBuildFile; fileRef = 84B909F01A053823000DCA57 /* GameViewController.m */; };
		84B909F41A053823000DCA57 /* Main.storyboard in Resources */ = {isa = PBXBuildFile; fileRef = 84B909F21A053823000DCA57 /* Main.storyboard */; };
		84B909F61A053823000DCA57 /* Images.xcassets in Resources */ = {isa = PBXBuildFile; fileRef = 84B909F51A053823000DCA57 /* Images.xcassets */; };
		84B909F91A053823000DCA57 /* LaunchScreen.xib in Resources */ = {isa = PBXBuildFile; fileRef = 84B909F71A053823000DCA57 /* LaunchScreen.xib */; };
		84B90A051A053823000DCA57 /* SwordfishGameTests.m in Sources */ = {isa = PBXBuildFile; fileRef = 84B90A041A053823000DCA57 /* SwordfishGameTests.m */; };
		84B90A101A0553F3000DCA57 /* GameScene.m in Sources */ = {isa = PBXBuildFile; fileRef = 84B90A0F1A0553F3000DCA57 /* GameScene.m */; };
		84E6EBA81A0BF28200DB6D6A /* GameOverScene.m in Sources */ = {isa = PBXBuildFile; fileRef = 84E6EBA71A0BF28200DB6D6A /* GameOverScene.m */; };
		84E6EBAB1A0CCDDB00DB6D6A /* ScoresView.m in Sources */ = {isa = PBXBuildFile; fileRef = 84E6EBAA1A0CCDDB00DB6D6A /* ScoresView.m */; };
		84E6EBAE1A0CF81E00DB6D6A /* QuestionScene.m in Sources */ = {isa = PBXBuildFile; fileRef = 84E6EBAD1A0CF81E00DB6D6A /* QuestionScene.m */; };
		84E6EBB21A0E380200DB6D6A /* FishMaker.m in Sources */ = {isa = PBXBuildFile; fileRef = 84E6EBB11A0E380200DB6D6A /* FishMaker.m */; };
		84E6EBB51A0E39C400DB6D6A /* AtlasImagesExtractor.m in Sources */ = {isa = PBXBuildFile; fileRef = 84E6EBB41A0E39C400DB6D6A /* AtlasImagesExtractor.m */; };
		84E6EBB71A0E644600DB6D6A /* papirus.png in Resources */ = {isa = PBXBuildFile; fileRef = 84E6EBB61A0E644600DB6D6A /* papirus.png */; };
		84E6EBB91A0E645000DB6D6A /* gameover.png in Resources */ = {isa = PBXBuildFile; fileRef = 84E6EBB81A0E645000DB6D6A /* gameover.png */; };
		84E6EBC51A0F96FC00DB6D6A /* notebook_sheet.jpg in Resources */ = {isa = PBXBuildFile; fileRef = 84E6EBC41A0F96FC00DB6D6A /* notebook_sheet.jpg */; };
/* End PBXBuildFile section */

/* Begin PBXContainerItemProxy section */
		84B909FF1A053823000DCA57 /* PBXContainerItemProxy */ = {
			isa = PBXContainerItemProxy;
			containerPortal = 84B909D81A053822000DCA57 /* Project object */;
			proxyType = 1;
			remoteGlobalIDString = 84B909DF1A053823000DCA57;
			remoteInfo = SwordfishGame;
		};
/* End PBXContainerItemProxy section */

/* Begin PBXFileReference section */
		8405529E1A0FB7DC003A3AD7 /* bite.wav */ = {isa = PBXFileReference; lastKnownFileType = audio.wav; path = bite.wav; sourceTree = "<group>"; };
		840552A01A0FB969003A3AD7 /* correct.wav */ = {isa = PBXFileReference; lastKnownFileType = audio.wav; path = correct.wav; sourceTree = "<group>"; };
		840552A21A0FB981003A3AD7 /* incorrect.wav */ = {isa = PBXFileReference; lastKnownFileType = audio.wav; path = incorrect.wav; sourceTree = "<group>"; };
		8425DF2C1A0B767C00953FD5 /* Reachability.h */ = {isa = PBXFileReference; fileEncoding = 4; lastKnownFileType = sourcecode.c.h; path = Reachability.h; sourceTree = "<group>"; };
		8425DF2D1A0B767C00953FD5 /* Reachability.m */ = {isa = PBXFileReference; fileEncoding = 4; lastKnownFileType = sourcecode.c.objc; path = Reachability.m; sourceTree = "<group>"; };
		8425DF2F1A0B76A700953FD5 /* PausedScene.h */ = {isa = PBXFileReference; fileEncoding = 4; lastKnownFileType = sourcecode.c.h; path = PausedScene.h; sourceTree = "<group>"; };
		8425DF301A0B76A700953FD5 /* PausedScene.m */ = {isa = PBXFileReference; fileEncoding = 4; lastKnownFileType = sourcecode.c.objc; path = PausedScene.m; sourceTree = "<group>"; };
		8425DF331A0B76CD00953FD5 /* NetworkConnectionChecker.h */ = {isa = PBXFileReference; fileEncoding = 4; lastKnownFileType = sourcecode.c.h; path = NetworkConnectionChecker.h; sourceTree = "<group>"; };
		8425DF341A0B76CD00953FD5 /* NetworkConnectionChecker.m */ = {isa = PBXFileReference; fileEncoding = 4; lastKnownFileType = sourcecode.c.objc; path = NetworkConnectionChecker.m; sourceTree = "<group>"; };
		8425DF371A0B770000953FD5 /* bubble.png */ = {isa = PBXFileReference; lastKnownFileType = image.png; path = bubble.png; sourceTree = "<group>"; };
		8425DF381A0B770000953FD5 /* fishes.atlas */ = {isa = PBXFileReference; lastKnownFileType = folder.skatlas; path = fishes.atlas; sourceTree = "<group>"; };
		8425DF391A0B770000953FD5 /* game_back@2x.png */ = {isa = PBXFileReference; lastKnownFileType = image.png; path = "game_back@2x.png"; sourceTree = "<group>"; };
		8425DF3A1A0B770000953FD5 /* manyFishes.png */ = {isa = PBXFileReference; lastKnownFileType = image.png; path = manyFishes.png; sourceTree = "<group>"; };
		8425DF3B1A0B770000953FD5 /* sharky.atlas */ = {isa = PBXFileReference; lastKnownFileType = folder.skatlas; path = sharky.atlas; sourceTree = "<group>"; };
		8425DF3C1A0B770000953FD5 /* sharky1@2x.png */ = {isa = PBXFileReference; lastKnownFileType = image.png; path = "sharky1@2x.png"; sourceTree = "<group>"; };
		8425DF3D1A0B770000953FD5 /* sharky2@2x.png */ = {isa = PBXFileReference; lastKnownFileType = image.png; path = "sharky2@2x.png"; sourceTree = "<group>"; };
		8425DF3E1A0B770000953FD5 /* silhouettes.atlas */ = {isa = PBXFileReference; lastKnownFileType = folder.skatlas; path = silhouettes.atlas; sourceTree = "<group>"; };
		8425DF3F1A0B770000953FD5 /* water_layer_over.png */ = {isa = PBXFileReference; lastKnownFileType = image.png; path = water_layer_over.png; sourceTree = "<group>"; };
		8425DF401A0B770000953FD5 /* menu_back.png */ = {isa = PBXFileReference; lastKnownFileType = image.png; path = menu_back.png; sourceTree = "<group>"; };
		8425DF4E1A0BE19A00953FD5 /* BubbleMaker.h */ = {isa = PBXFileReference; fileEncoding = 4; lastKnownFileType = sourcecode.c.h; path = BubbleMaker.h; sourceTree = "<group>"; };
		8425DF4F1A0BE19A00953FD5 /* BubbleMaker.m */ = {isa = PBXFileReference; fileEncoding = 4; lastKnownFileType = sourcecode.c.objc; path = BubbleMaker.m; sourceTree = "<group>"; };
		8447E0071A0A78CA00B10225 /* CoreDataHelper.h */ = {isa = PBXFileReference; fileEncoding = 4; lastKnownFileType = sourcecode.c.h; path = CoreDataHelper.h; sourceTree = "<group>"; };
		8447E0081A0A78CA00B10225 /* CoreDataHelper.m */ = {isa = PBXFileReference; fileEncoding = 4; lastKnownFileType = sourcecode.c.objc; path = CoreDataHelper.m; sourceTree = "<group>"; };
		8447E00A1A0A793600B10225 /* CoreData.framework */ = {isa = PBXFileReference; lastKnownFileType = wrapper.framework; name = CoreData.framework; path = System/Library/Frameworks/CoreData.framework; sourceTree = SDKROOT; };
		8464E2751A0647E700597E80 /* AVFoundation.framework */ = {isa = PBXFileReference; lastKnownFileType = wrapper.framework; name = AVFoundation.framework; path = System/Library/Frameworks/AVFoundation.framework; sourceTree = SDKROOT; };
		849E7F251A0BEA7500EFD6D1 /* QuestionsWithAnswers.xcdatamodel */ = {isa = PBXFileReference; lastKnownFileType = wrapper.xcdatamodel; path = QuestionsWithAnswers.xcdatamodel; sourceTree = "<group>"; };
		849E7F271A0BED0300EFD6D1 /* QuestionWithAnswer.h */ = {isa = PBXFileReference; fileEncoding = 4; lastKnownFileType = sourcecode.c.h; name = QuestionWithAnswer.h; path = ../QuestionWithAnswer.h; sourceTree = "<group>"; };
		849E7F281A0BED0300EFD6D1 /* QuestionWithAnswer.m */ = {isa = PBXFileReference; fileEncoding = 4; lastKnownFileType = sourcecode.c.objc; name = QuestionWithAnswer.m; path = ../QuestionWithAnswer.m; sourceTree = "<group>"; };
		84A145061A0818DB0063C63C /* Bolts.framework */ = {isa = PBXFileReference; lastKnownFileType = wrapper.framework; path = Bolts.framework; sourceTree = "<group>"; };
		84A145071A0818DB0063C63C /* Parse.framework */ = {isa = PBXFileReference; lastKnownFileType = wrapper.framework; path = Parse.framework; sourceTree = "<group>"; };
		84A145081A0818DB0063C63C /* ParseFacebookUtils.framework */ = {isa = PBXFileReference; lastKnownFileType = wrapper.framework; path = ParseFacebookUtils.framework; sourceTree = "<group>"; };
		84A1450C1A081AB40063C63C /* AudioToolbox.framework */ = {isa = PBXFileReference; lastKnownFileType = wrapper.framework; name = AudioToolbox.framework; path = System/Library/Frameworks/AudioToolbox.framework; sourceTree = SDKROOT; };
		84A1450E1A081AE70063C63C /* CFNetwork.framework */ = {isa = PBXFileReference; lastKnownFileType = wrapper.framework; name = CFNetwork.framework; path = System/Library/Frameworks/CFNetwork.framework; sourceTree = SDKROOT; };
		84A145101A081AF60063C63C /* CoreGraphics.framework */ = {isa = PBXFileReference; lastKnownFileType = wrapper.framework; name = CoreGraphics.framework; path = System/Library/Frameworks/CoreGraphics.framework; sourceTree = SDKROOT; };
		84A145121A081B0F0063C63C /* CoreLocation.framework */ = {isa = PBXFileReference; lastKnownFileType = wrapper.framework; name = CoreLocation.framework; path = System/Library/Frameworks/CoreLocation.framework; sourceTree = SDKROOT; };
		84A145141A081B270063C63C /* libz.dylib */ = {isa = PBXFileReference; lastKnownFileType = "compiled.mach-o.dylib"; name = libz.dylib; path = usr/lib/libz.dylib; sourceTree = SDKROOT; };
		84A145161A081B390063C63C /* MobileCoreServices.framework */ = {isa = PBXFileReference; lastKnownFileType = wrapper.framework; name = MobileCoreServices.framework; path = System/Library/Frameworks/MobileCoreServices.framework; sourceTree = SDKROOT; };
		84A145181A081B500063C63C /* QuartzCore.framework */ = {isa = PBXFileReference; lastKnownFileType = wrapper.framework; name = QuartzCore.framework; path = System/Library/Frameworks/QuartzCore.framework; sourceTree = SDKROOT; };
		84A1451A1A081B5F0063C63C /* Security.framework */ = {isa = PBXFileReference; lastKnownFileType = wrapper.framework; name = Security.framework; path = System/Library/Frameworks/Security.framework; sourceTree = SDKROOT; };
		84A1451C1A081B750063C63C /* StoreKit.framework */ = {isa = PBXFileReference; lastKnownFileType = wrapper.framework; name = StoreKit.framework; path = System/Library/Frameworks/StoreKit.framework; sourceTree = SDKROOT; };
		84A1451D1A081B750063C63C /* SystemConfiguration.framework */ = {isa = PBXFileReference; lastKnownFileType = wrapper.framework; name = SystemConfiguration.framework; path = System/Library/Frameworks/SystemConfiguration.framework; sourceTree = SDKROOT; };
		84A748801A0A05DA006D35FB /* BestScore.h */ = {isa = PBXFileReference; fileEncoding = 4; lastKnownFileType = sourcecode.c.h; path = BestScore.h; sourceTree = "<group>"; };
		84A748811A0A05DA006D35FB /* BestScore.m */ = {isa = PBXFileReference; fileEncoding = 4; lastKnownFileType = sourcecode.c.objc; path = BestScore.m; sourceTree = "<group>"; };
		84A82D3F1A0D372D007ED656 /* Underwater.wav */ = {isa = PBXFileReference; lastKnownFileType = audio.wav; name = Underwater.wav; path = SwordfishGame/Underwater.wav; sourceTree = "<group>"; };
		84B789181A0F70F200F8C80D /* QuestionWithAns.h */ = {isa = PBXFileReference; fileEncoding = 4; lastKnownFileType = sourcecode.c.h; path = QuestionWithAns.h; sourceTree = "<group>"; };
		84B789191A0F70F200F8C80D /* QuestionWithAns.m */ = {isa = PBXFileReference; fileEncoding = 4; lastKnownFileType = sourcecode.c.objc; path = QuestionWithAns.m; sourceTree = "<group>"; };
		84B7891C1A0F785000F8C80D /* TALocationProvider.h */ = {isa = PBXFileReference; fileEncoding = 4; lastKnownFileType = sourcecode.c.h; path = TALocationProvider.h; sourceTree = "<group>"; };
		84B7891D1A0F785000F8C80D /* TALocationProvider.m */ = {isa = PBXFileReference; fileEncoding = 4; lastKnownFileType = sourcecode.c.objc; path = TALocationProvider.m; sourceTree = "<group>"; };
		84B909E01A053823000DCA57 /* SwordfishGame.app */ = {isa = PBXFileReference; explicitFileType = wrapper.application; includeInIndex = 0; path = SwordfishGame.app; sourceTree = BUILT_PRODUCTS_DIR; };
		84B909E41A053823000DCA57 /* Info.plist */ = {isa = PBXFileReference; lastKnownFileType = text.plist.xml; path = Info.plist; sourceTree = "<group>"; };
		84B909E51A053823000DCA57 /* main.m */ = {isa = PBXFileReference; lastKnownFileType = sourcecode.c.objc; path = main.m; sourceTree = "<group>"; };
		84B909E71A053823000DCA57 /* AppDelegate.h */ = {isa = PBXFileReference; lastKnownFileType = sourcecode.c.h; path = AppDelegate.h; sourceTree = "<group>"; };
		84B909E81A053823000DCA57 /* AppDelegate.m */ = {isa = PBXFileReference; lastKnownFileType = sourcecode.c.objc; path = AppDelegate.m; sourceTree = "<group>"; };
		84B909EA1A053823000DCA57 /* MenuScene.h */ = {isa = PBXFileReference; lastKnownFileType = sourcecode.c.h; name = MenuScene.h; path = SwordfishGame/MenuScene.h; sourceTree = "<group>"; };
		84B909EB1A053823000DCA57 /* MenuScene.m */ = {isa = PBXFileReference; lastKnownFileType = sourcecode.c.objc; name = MenuScene.m; path = SwordfishGame/MenuScene.m; sourceTree = "<group>"; };
		84B909ED1A053823000DCA57 /* GameScene.sks */ = {isa = PBXFileReference; lastKnownFileType = file.sks; path = GameScene.sks; sourceTree = "<group>"; };
		84B909EF1A053823000DCA57 /* GameViewController.h */ = {isa = PBXFileReference; lastKnownFileType = sourcecode.c.h; path = GameViewController.h; sourceTree = "<group>"; };
		84B909F01A053823000DCA57 /* GameViewController.m */ = {isa = PBXFileReference; lastKnownFileType = sourcecode.c.objc; path = GameViewController.m; sourceTree = "<group>"; };
		84B909F31A053823000DCA57 /* Base */ = {isa = PBXFileReference; lastKnownFileType = file.storyboard; name = Base; path = Base.lproj/Main.storyboard; sourceTree = "<group>"; };
		84B909F51A053823000DCA57 /* Images.xcassets */ = {isa = PBXFileReference; lastKnownFileType = folder.assetcatalog; path = Images.xcassets; sourceTree = "<group>"; };
		84B909F81A053823000DCA57 /* Base */ = {isa = PBXFileReference; lastKnownFileType = file.xib; name = Base; path = Base.lproj/LaunchScreen.xib; sourceTree = "<group>"; };
		84B909FE1A053823000DCA57 /* SwordfishGameTests.xctest */ = {isa = PBXFileReference; explicitFileType = wrapper.cfbundle; includeInIndex = 0; path = SwordfishGameTests.xctest; sourceTree = BUILT_PRODUCTS_DIR; };
		84B90A031A053823000DCA57 /* Info.plist */ = {isa = PBXFileReference; lastKnownFileType = text.plist.xml; path = Info.plist; sourceTree = "<group>"; };
		84B90A041A053823000DCA57 /* SwordfishGameTests.m */ = {isa = PBXFileReference; lastKnownFileType = sourcecode.c.objc; path = SwordfishGameTests.m; sourceTree = "<group>"; };
		84B90A0E1A0553F3000DCA57 /* GameScene.h */ = {isa = PBXFileReference; fileEncoding = 4; lastKnownFileType = sourcecode.c.h; name = GameScene.h; path = SwordfishGame/GameScene.h; sourceTree = "<group>"; };
		84B90A0F1A0553F3000DCA57 /* GameScene.m */ = {isa = PBXFileReference; fileEncoding = 4; lastKnownFileType = sourcecode.c.objc; name = GameScene.m; path = SwordfishGame/GameScene.m; sourceTree = "<group>"; };
		84E6EBA61A0BF28200DB6D6A /* GameOverScene.h */ = {isa = PBXFileReference; fileEncoding = 4; lastKnownFileType = sourcecode.c.h; path = GameOverScene.h; sourceTree = "<group>"; };
		84E6EBA71A0BF28200DB6D6A /* GameOverScene.m */ = {isa = PBXFileReference; fileEncoding = 4; lastKnownFileType = sourcecode.c.objc; path = GameOverScene.m; sourceTree = "<group>"; };
		84E6EBA91A0CCDDB00DB6D6A /* ScoresView.h */ = {isa = PBXFileReference; fileEncoding = 4; lastKnownFileType = sourcecode.c.h; path = ScoresView.h; sourceTree = "<group>"; };
		84E6EBAA1A0CCDDB00DB6D6A /* ScoresView.m */ = {isa = PBXFileReference; fileEncoding = 4; lastKnownFileType = sourcecode.c.objc; path = ScoresView.m; sourceTree = "<group>"; };
		84E6EBAC1A0CF81E00DB6D6A /* QuestionScene.h */ = {isa = PBXFileReference; fileEncoding = 4; lastKnownFileType = sourcecode.c.h; path = QuestionScene.h; sourceTree = "<group>"; };
		84E6EBAD1A0CF81E00DB6D6A /* QuestionScene.m */ = {isa = PBXFileReference; fileEncoding = 4; lastKnownFileType = sourcecode.c.objc; path = QuestionScene.m; sourceTree = "<group>"; };
		84E6EBB01A0E380200DB6D6A /* FishMaker.h */ = {isa = PBXFileReference; fileEncoding = 4; lastKnownFileType = sourcecode.c.h; path = FishMaker.h; sourceTree = "<group>"; };
		84E6EBB11A0E380200DB6D6A /* FishMaker.m */ = {isa = PBXFileReference; fileEncoding = 4; lastKnownFileType = sourcecode.c.objc; path = FishMaker.m; sourceTree = "<group>"; };
		84E6EBB31A0E39C400DB6D6A /* AtlasImagesExtractor.h */ = {isa = PBXFileReference; fileEncoding = 4; lastKnownFileType = sourcecode.c.h; path = AtlasImagesExtractor.h; sourceTree = "<group>"; };
		84E6EBB41A0E39C400DB6D6A /* AtlasImagesExtractor.m */ = {isa = PBXFileReference; fileEncoding = 4; lastKnownFileType = sourcecode.c.objc; path = AtlasImagesExtractor.m; sourceTree = "<group>"; };
		84E6EBB61A0E644600DB6D6A /* papirus.png */ = {isa = PBXFileReference; lastKnownFileType = image.png; path = papirus.png; sourceTree = "<group>"; };
		84E6EBB81A0E645000DB6D6A /* gameover.png */ = {isa = PBXFileReference; lastKnownFileType = image.png; path = gameover.png; sourceTree = "<group>"; };
		84E6EBC41A0F96FC00DB6D6A /* notebook_sheet.jpg */ = {isa = PBXFileReference; lastKnownFileType = image.jpeg; path = notebook_sheet.jpg; sourceTree = "<group>"; };
/* End PBXFileReference section */

/* Begin PBXFrameworksBuildPhase section */
		84B909DD1A053823000DCA57 /* Frameworks */ = {
			isa = PBXFrameworksBuildPhase;
			buildActionMask = 2147483647;
			files = (
				8447E00B1A0A793600B10225 /* CoreData.framework in Frameworks */,
				84A1451E1A081B750063C63C /* StoreKit.framework in Frameworks */,
				84A1451F1A081B750063C63C /* SystemConfiguration.framework in Frameworks */,
				84A1451B1A081B5F0063C63C /* Security.framework in Frameworks */,
				84A145191A081B500063C63C /* QuartzCore.framework in Frameworks */,
				84A145171A081B390063C63C /* MobileCoreServices.framework in Frameworks */,
				84A145151A081B270063C63C /* libz.dylib in Frameworks */,
				84A145131A081B0F0063C63C /* CoreLocation.framework in Frameworks */,
				84A145111A081AF60063C63C /* CoreGraphics.framework in Frameworks */,
				84A1450F1A081AE70063C63C /* CFNetwork.framework in Frameworks */,
				84A1450D1A081AB40063C63C /* AudioToolbox.framework in Frameworks */,
				8464E2761A0647E700597E80 /* AVFoundation.framework in Frameworks */,
				84A145091A0818DB0063C63C /* Bolts.framework in Frameworks */,
				84A1450A1A0818DB0063C63C /* Parse.framework in Frameworks */,
				84A1450B1A0818DB0063C63C /* ParseFacebookUtils.framework in Frameworks */,
			);
			runOnlyForDeploymentPostprocessing = 0;
		};
		84B909FB1A053823000DCA57 /* Frameworks */ = {
			isa = PBXFrameworksBuildPhase;
			buildActionMask = 2147483647;
			files = (
			);
			runOnlyForDeploymentPostprocessing = 0;
		};
/* End PBXFrameworksBuildPhase section */

/* Begin PBXGroup section */
		8425DF2A1A0B75BD00953FD5 /* Resources */ = {
			isa = PBXGroup;
			children = (
				840552A21A0FB981003A3AD7 /* incorrect.wav */,
				840552A01A0FB969003A3AD7 /* correct.wav */,
				8405529E1A0FB7DC003A3AD7 /* bite.wav */,
				84E6EBC41A0F96FC00DB6D6A /* notebook_sheet.jpg */,
				84E6EBB81A0E645000DB6D6A /* gameover.png */,
				84E6EBB61A0E644600DB6D6A /* papirus.png */,
				84A82D3F1A0D372D007ED656 /* Underwater.wav */,
				8425DF371A0B770000953FD5 /* bubble.png */,
				8425DF381A0B770000953FD5 /* fishes.atlas */,
				8425DF391A0B770000953FD5 /* game_back@2x.png */,
				8425DF3A1A0B770000953FD5 /* manyFishes.png */,
				8425DF3B1A0B770000953FD5 /* sharky.atlas */,
				8425DF3C1A0B770000953FD5 /* sharky1@2x.png */,
				8425DF3D1A0B770000953FD5 /* sharky2@2x.png */,
				8425DF3E1A0B770000953FD5 /* silhouettes.atlas */,
				8425DF3F1A0B770000953FD5 /* water_layer_over.png */,
				8425DF401A0B770000953FD5 /* menu_back.png */,
			);
			name = Resources;
			sourceTree = "<group>";
		};
		8425DF2B1A0B75C900953FD5 /* Scenes */ = {
			isa = PBXGroup;
			children = (
				8425DF2F1A0B76A700953FD5 /* PausedScene.h */,
				8425DF301A0B76A700953FD5 /* PausedScene.m */,
				84B909EA1A053823000DCA57 /* MenuScene.h */,
				84B909EB1A053823000DCA57 /* MenuScene.m */,
				84B90A0E1A0553F3000DCA57 /* GameScene.h */,
				84B90A0F1A0553F3000DCA57 /* GameScene.m */,
				84E6EBA61A0BF28200DB6D6A /* GameOverScene.h */,
				84E6EBA71A0BF28200DB6D6A /* GameOverScene.m */,
				84E6EBA91A0CCDDB00DB6D6A /* ScoresView.h */,
				84E6EBAA1A0CCDDB00DB6D6A /* ScoresView.m */,
				84E6EBAC1A0CF81E00DB6D6A /* QuestionScene.h */,
				84E6EBAD1A0CF81E00DB6D6A /* QuestionScene.m */,
			);
			name = Scenes;
			path = ..;
			sourceTree = "<group>";
		};
		8425DF321A0B76C000953FD5 /* HelperClasses */ = {
			isa = PBXGroup;
			children = (
				8425DF4E1A0BE19A00953FD5 /* BubbleMaker.h */,
				8425DF4F1A0BE19A00953FD5 /* BubbleMaker.m */,
				8425DF331A0B76CD00953FD5 /* NetworkConnectionChecker.h */,
				8425DF341A0B76CD00953FD5 /* NetworkConnectionChecker.m */,
				84E6EBB01A0E380200DB6D6A /* FishMaker.h */,
				84E6EBB11A0E380200DB6D6A /* FishMaker.m */,
				84E6EBB31A0E39C400DB6D6A /* AtlasImagesExtractor.h */,
				84E6EBB41A0E39C400DB6D6A /* AtlasImagesExtractor.m */,
			);
			name = HelperClasses;
			sourceTree = "<group>";
		};
		8465836D1A0AA2D10039A8DE /* DBHelpers */ = {
			isa = PBXGroup;
			children = (
				849E7F271A0BED0300EFD6D1 /* QuestionWithAnswer.h */,
				849E7F281A0BED0300EFD6D1 /* QuestionWithAnswer.m */,
				849E7F241A0BEA7500EFD6D1 /* QuestionsWithAnswers.xcdatamodeld */,
				8447E0071A0A78CA00B10225 /* CoreDataHelper.h */,
				8447E0081A0A78CA00B10225 /* CoreDataHelper.m */,
			);
			name = DBHelpers;
			path = SwordfishGame;
			sourceTree = "<group>";
		};
		84A145201A081C380063C63C /* Frameworks */ = {
			isa = PBXGroup;
			children = (
				8425DF2C1A0B767C00953FD5 /* Reachability.h */,
				8425DF2D1A0B767C00953FD5 /* Reachability.m */,
				8447E00A1A0A793600B10225 /* CoreData.framework */,
				84A1451C1A081B750063C63C /* StoreKit.framework */,
				84A1451D1A081B750063C63C /* SystemConfiguration.framework */,
				84A1451A1A081B5F0063C63C /* Security.framework */,
				84A145181A081B500063C63C /* QuartzCore.framework */,
				84A145161A081B390063C63C /* MobileCoreServices.framework */,
				84A145141A081B270063C63C /* libz.dylib */,
				84A145121A081B0F0063C63C /* CoreLocation.framework */,
				84A145101A081AF60063C63C /* CoreGraphics.framework */,
				84A1450E1A081AE70063C63C /* CFNetwork.framework */,
				84A1450C1A081AB40063C63C /* AudioToolbox.framework */,
				84A145061A0818DB0063C63C /* Bolts.framework */,
				84A145071A0818DB0063C63C /* Parse.framework */,
				84A145081A0818DB0063C63C /* ParseFacebookUtils.framework */,
				8464E2751A0647E700597E80 /* AVFoundation.framework */,
			);
			name = Frameworks;
			sourceTree = "<group>";
		};
		84A7487F1A0A04AE006D35FB /* Models */ = {
			isa = PBXGroup;
			children = (
				84B789181A0F70F200F8C80D /* QuestionWithAns.h */,
				84B789191A0F70F200F8C80D /* QuestionWithAns.m */,
				84A748801A0A05DA006D35FB /* BestScore.h */,
				84A748811A0A05DA006D35FB /* BestScore.m */,
			);
			name = Models;
			sourceTree = "<group>";
		};
		84B7891B1A0F782C00F8C80D /* LocationManager */ = {
			isa = PBXGroup;
			children = (
				84B7891C1A0F785000F8C80D /* TALocationProvider.h */,
				84B7891D1A0F785000F8C80D /* TALocationProvider.m */,
			);
			name = LocationManager;
			sourceTree = "<group>";
		};
		84B909D71A053822000DCA57 = {
			isa = PBXGroup;
			children = (
				8465836D1A0AA2D10039A8DE /* DBHelpers */,
				8425DF321A0B76C000953FD5 /* HelperClasses */,
				8425DF2A1A0B75BD00953FD5 /* Resources */,
				84A145201A081C380063C63C /* Frameworks */,
				84B909E21A053823000DCA57 /* SwordfishGame */,
				84B90A011A053823000DCA57 /* SwordfishGameTests */,
				84B909E11A053823000DCA57 /* Products */,
			);
			sourceTree = "<group>";
		};
		84B909E11A053823000DCA57 /* Products */ = {
			isa = PBXGroup;
			children = (
				84B909E01A053823000DCA57 /* SwordfishGame.app */,
				84B909FE1A053823000DCA57 /* SwordfishGameTests.xctest */,
			);
			name = Products;
			sourceTree = "<group>";
		};
		84B909E21A053823000DCA57 /* SwordfishGame */ = {
			isa = PBXGroup;
			children = (
				84B7891B1A0F782C00F8C80D /* LocationManager */,
				8425DF2B1A0B75C900953FD5 /* Scenes */,
				84A7487F1A0A04AE006D35FB /* Models */,
				84B909E71A053823000DCA57 /* AppDelegate.h */,
				84B909E81A053823000DCA57 /* AppDelegate.m */,
				84B909ED1A053823000DCA57 /* GameScene.sks */,
				84B909EF1A053823000DCA57 /* GameViewController.h */,
				84B909F01A053823000DCA57 /* GameViewController.m */,
				84B909F21A053823000DCA57 /* Main.storyboard */,
				84B909F51A053823000DCA57 /* Images.xcassets */,
				84B909F71A053823000DCA57 /* LaunchScreen.xib */,
				84B909E31A053823000DCA57 /* Supporting Files */,
			);
			path = SwordfishGame;
			sourceTree = "<group>";
		};
		84B909E31A053823000DCA57 /* Supporting Files */ = {
			isa = PBXGroup;
			children = (
				84B909E41A053823000DCA57 /* Info.plist */,
				84B909E51A053823000DCA57 /* main.m */,
			);
			name = "Supporting Files";
			sourceTree = "<group>";
		};
		84B90A011A053823000DCA57 /* SwordfishGameTests */ = {
			isa = PBXGroup;
			children = (
				84B90A041A053823000DCA57 /* SwordfishGameTests.m */,
				84B90A021A053823000DCA57 /* Supporting Files */,
			);
			path = SwordfishGameTests;
			sourceTree = "<group>";
		};
		84B90A021A053823000DCA57 /* Supporting Files */ = {
			isa = PBXGroup;
			children = (
				84B90A031A053823000DCA57 /* Info.plist */,
			);
			name = "Supporting Files";
			sourceTree = "<group>";
		};
/* End PBXGroup section */

/* Begin PBXNativeTarget section */
		84B909DF1A053823000DCA57 /* SwordfishGame */ = {
			isa = PBXNativeTarget;
			buildConfigurationList = 84B90A081A053823000DCA57 /* Build configuration list for PBXNativeTarget "SwordfishGame" */;
			buildPhases = (
				84B909DC1A053823000DCA57 /* Sources */,
				84B909DD1A053823000DCA57 /* Frameworks */,
				84B909DE1A053823000DCA57 /* Resources */,
			);
			buildRules = (
			);
			dependencies = (
			);
			name = SwordfishGame;
			productName = SwordfishGame;
			productReference = 84B909E01A053823000DCA57 /* SwordfishGame.app */;
			productType = "com.apple.product-type.application";
		};
		84B909FD1A053823000DCA57 /* SwordfishGameTests */ = {
			isa = PBXNativeTarget;
			buildConfigurationList = 84B90A0B1A053823000DCA57 /* Build configuration list for PBXNativeTarget "SwordfishGameTests" */;
			buildPhases = (
				84B909FA1A053823000DCA57 /* Sources */,
				84B909FB1A053823000DCA57 /* Frameworks */,
				84B909FC1A053823000DCA57 /* Resources */,
			);
			buildRules = (
			);
			dependencies = (
				84B90A001A053823000DCA57 /* PBXTargetDependency */,
			);
			name = SwordfishGameTests;
			productName = SwordfishGameTests;
			productReference = 84B909FE1A053823000DCA57 /* SwordfishGameTests.xctest */;
			productType = "com.apple.product-type.bundle.unit-test";
		};
/* End PBXNativeTarget section */

/* Begin PBXProject section */
		84B909D81A053822000DCA57 /* Project object */ = {
			isa = PBXProject;
			attributes = {
				LastUpgradeCheck = 0610;
				ORGANIZATIONNAME = admin;
				TargetAttributes = {
					84B909DF1A053823000DCA57 = {
						CreatedOnToolsVersion = 6.1;
					};
					84B909FD1A053823000DCA57 = {
						CreatedOnToolsVersion = 6.1;
						TestTargetID = 84B909DF1A053823000DCA57;
					};
				};
			};
			buildConfigurationList = 84B909DB1A053822000DCA57 /* Build configuration list for PBXProject "SwordfishGame" */;
			compatibilityVersion = "Xcode 3.2";
			developmentRegion = English;
			hasScannedForEncodings = 0;
			knownRegions = (
				en,
				Base,
			);
			mainGroup = 84B909D71A053822000DCA57;
			productRefGroup = 84B909E11A053823000DCA57 /* Products */;
			projectDirPath = "";
			projectRoot = "";
			targets = (
				84B909DF1A053823000DCA57 /* SwordfishGame */,
				84B909FD1A053823000DCA57 /* SwordfishGameTests */,
			);
		};
/* End PBXProject section */

/* Begin PBXResourcesBuildPhase section */
		84B909DE1A053823000DCA57 /* Resources */ = {
			isa = PBXResourcesBuildPhase;
			buildActionMask = 2147483647;
			files = (
				84B909F91A053823000DCA57 /* LaunchScreen.xib in Resources */,
				84B909F61A053823000DCA57 /* Images.xcassets in Resources */,
				84E6EBB71A0E644600DB6D6A /* papirus.png in Resources */,
				84B909EE1A053823000DCA57 /* GameScene.sks in Resources */,
				8425DF451A0B770000953FD5 /* sharky.atlas in Resources */,
				8425DF481A0B770000953FD5 /* silhouettes.atlas in Resources */,
				8425DF441A0B770000953FD5 /* manyFishes.png in Resources */,
				8425DF491A0B770000953FD5 /* water_layer_over.png in Resources */,
				84B909F41A053823000DCA57 /* Main.storyboard in Resources */,
				84A82D401A0D372D007ED656 /* Underwater.wav in Resources */,
				8425DF421A0B770000953FD5 /* fishes.atlas in Resources */,
				8425DF411A0B770000953FD5 /* bubble.png in Resources */,
				8425DF431A0B770000953FD5 /* game_back@2x.png in Resources */,
				840552A11A0FB969003A3AD7 /* correct.wav in Resources */,
				84E6EBB91A0E645000DB6D6A /* gameover.png in Resources */,
				84E6EBC51A0F96FC00DB6D6A /* notebook_sheet.jpg in Resources */,
				840552A31A0FB981003A3AD7 /* incorrect.wav in Resources */,
				8425DF461A0B770000953FD5 /* sharky1@2x.png in Resources */,
				8405529F1A0FB7DC003A3AD7 /* bite.wav in Resources */,
				8425DF471A0B770000953FD5 /* sharky2@2x.png in Resources */,
				8425DF4A1A0B770000953FD5 /* menu_back.png in Resources */,
			);
			runOnlyForDeploymentPostprocessing = 0;
		};
		84B909FC1A053823000DCA57 /* Resources */ = {
			isa = PBXResourcesBuildPhase;
			buildActionMask = 2147483647;
			files = (
			);
			runOnlyForDeploymentPostprocessing = 0;
		};
/* End PBXResourcesBuildPhase section */

/* Begin PBXSourcesBuildPhase section */
		84B909DC1A053823000DCA57 /* Sources */ = {
			isa = PBXSourcesBuildPhase;
			buildActionMask = 2147483647;
			files = (
				84E6EBAE1A0CF81E00DB6D6A /* QuestionScene.m in Sources */,
				8425DF351A0B76CD00953FD5 /* NetworkConnectionChecker.m in Sources */,
				84B909F11A053823000DCA57 /* GameViewController.m in Sources */,
				84B909E91A053823000DCA57 /* AppDelegate.m in Sources */,
				84E6EBA81A0BF28200DB6D6A /* GameOverScene.m in Sources */,
				8425DF2E1A0B767C00953FD5 /* Reachability.m in Sources */,
				84B90A101A0553F3000DCA57 /* GameScene.m in Sources */,
				849E7F261A0BEA7500EFD6D1 /* QuestionsWithAnswers.xcdatamodeld in Sources */,
				84B909EC1A053823000DCA57 /* MenuScene.m in Sources */,
				849E7F291A0BED0300EFD6D1 /* QuestionWithAnswer.m in Sources */,
				84A748821A0A05DA006D35FB /* BestScore.m in Sources */,
				8425DF501A0BE19A00953FD5 /* BubbleMaker.m in Sources */,
				84B7891E1A0F785000F8C80D /* TALocationProvider.m in Sources */,
				84B7891A1A0F70F200F8C80D /* QuestionWithAns.m in Sources */,
				84E6EBB51A0E39C400DB6D6A /* AtlasImagesExtractor.m in Sources */,
				84E6EBB21A0E380200DB6D6A /* FishMaker.m in Sources */,
				84B909E61A053823000DCA57 /* main.m in Sources */,
				8447E0091A0A78CA00B10225 /* CoreDataHelper.m in Sources */,
				84E6EBAB1A0CCDDB00DB6D6A /* ScoresView.m in Sources */,
				8425DF311A0B76A700953FD5 /* PausedScene.m in Sources */,
			);
			runOnlyForDeploymentPostprocessing = 0;
		};
		84B909FA1A053823000DCA57 /* Sources */ = {
			isa = PBXSourcesBuildPhase;
			buildActionMask = 2147483647;
			files = (
				84B90A051A053823000DCA57 /* SwordfishGameTests.m in Sources */,
			);
			runOnlyForDeploymentPostprocessing = 0;
		};
/* End PBXSourcesBuildPhase section */

/* Begin PBXTargetDependency section */
		84B90A001A053823000DCA57 /* PBXTargetDependency */ = {
			isa = PBXTargetDependency;
			target = 84B909DF1A053823000DCA57 /* SwordfishGame */;
			targetProxy = 84B909FF1A053823000DCA57 /* PBXContainerItemProxy */;
		};
/* End PBXTargetDependency section */

/* Begin PBXVariantGroup section */
		84B909F21A053823000DCA57 /* Main.storyboard */ = {
			isa = PBXVariantGroup;
			children = (
				84B909F31A053823000DCA57 /* Base */,
			);
			name = Main.storyboard;
			sourceTree = "<group>";
		};
		84B909F71A053823000DCA57 /* LaunchScreen.xib */ = {
			isa = PBXVariantGroup;
			children = (
				84B909F81A053823000DCA57 /* Base */,
			);
			name = LaunchScreen.xib;
			sourceTree = "<group>";
		};
/* End PBXVariantGroup section */

/* Begin XCBuildConfiguration section */
		84B90A061A053823000DCA57 /* Debug */ = {
			isa = XCBuildConfiguration;
			buildSettings = {
				ALWAYS_SEARCH_USER_PATHS = NO;
				CLANG_CXX_LANGUAGE_STANDARD = "gnu++0x";
				CLANG_CXX_LIBRARY = "libc++";
				CLANG_ENABLE_MODULES = YES;
				CLANG_ENABLE_OBJC_ARC = YES;
				CLANG_WARN_BOOL_CONVERSION = YES;
				CLANG_WARN_CONSTANT_CONVERSION = YES;
				CLANG_WARN_DIRECT_OBJC_ISA_USAGE = YES_ERROR;
				CLANG_WARN_EMPTY_BODY = YES;
				CLANG_WARN_ENUM_CONVERSION = YES;
				CLANG_WARN_INT_CONVERSION = YES;
				CLANG_WARN_OBJC_ROOT_CLASS = YES_ERROR;
				CLANG_WARN_UNREACHABLE_CODE = YES;
				CLANG_WARN__DUPLICATE_METHOD_MATCH = YES;
				"CODE_SIGN_IDENTITY[sdk=iphoneos*]" = "iPhone Developer";
				COPY_PHASE_STRIP = NO;
				ENABLE_STRICT_OBJC_MSGSEND = YES;
				GCC_C_LANGUAGE_STANDARD = gnu99;
				GCC_DYNAMIC_NO_PIC = NO;
				GCC_OPTIMIZATION_LEVEL = 0;
				GCC_PREPROCESSOR_DEFINITIONS = (
					"DEBUG=1",
					"$(inherited)",
				);
				GCC_SYMBOLS_PRIVATE_EXTERN = NO;
				GCC_WARN_64_TO_32_BIT_CONVERSION = YES;
				GCC_WARN_ABOUT_RETURN_TYPE = YES_ERROR;
				GCC_WARN_UNDECLARED_SELECTOR = YES;
				GCC_WARN_UNINITIALIZED_AUTOS = YES_AGGRESSIVE;
				GCC_WARN_UNUSED_FUNCTION = YES;
				GCC_WARN_UNUSED_VARIABLE = YES;
				IPHONEOS_DEPLOYMENT_TARGET = 8.1;
				MTL_ENABLE_DEBUG_INFO = YES;
				ONLY_ACTIVE_ARCH = YES;
				SDKROOT = iphoneos;
				TARGETED_DEVICE_FAMILY = "1,2";
			};
			name = Debug;
		};
		84B90A071A053823000DCA57 /* Release */ = {
			isa = XCBuildConfiguration;
			buildSettings = {
				ALWAYS_SEARCH_USER_PATHS = NO;
				CLANG_CXX_LANGUAGE_STANDARD = "gnu++0x";
				CLANG_CXX_LIBRARY = "libc++";
				CLANG_ENABLE_MODULES = YES;
				CLANG_ENABLE_OBJC_ARC = YES;
				CLANG_WARN_BOOL_CONVERSION = YES;
				CLANG_WARN_CONSTANT_CONVERSION = YES;
				CLANG_WARN_DIRECT_OBJC_ISA_USAGE = YES_ERROR;
				CLANG_WARN_EMPTY_BODY = YES;
				CLANG_WARN_ENUM_CONVERSION = YES;
				CLANG_WARN_INT_CONVERSION = YES;
				CLANG_WARN_OBJC_ROOT_CLASS = YES_ERROR;
				CLANG_WARN_UNREACHABLE_CODE = YES;
				CLANG_WARN__DUPLICATE_METHOD_MATCH = YES;
				"CODE_SIGN_IDENTITY[sdk=iphoneos*]" = "iPhone Developer";
				COPY_PHASE_STRIP = YES;
				ENABLE_NS_ASSERTIONS = NO;
				ENABLE_STRICT_OBJC_MSGSEND = YES;
				GCC_C_LANGUAGE_STANDARD = gnu99;
				GCC_WARN_64_TO_32_BIT_CONVERSION = YES;
				GCC_WARN_ABOUT_RETURN_TYPE = YES_ERROR;
				GCC_WARN_UNDECLARED_SELECTOR = YES;
				GCC_WARN_UNINITIALIZED_AUTOS = YES_AGGRESSIVE;
				GCC_WARN_UNUSED_FUNCTION = YES;
				GCC_WARN_UNUSED_VARIABLE = YES;
				IPHONEOS_DEPLOYMENT_TARGET = 8.1;
				MTL_ENABLE_DEBUG_INFO = NO;
				SDKROOT = iphoneos;
				TARGETED_DEVICE_FAMILY = "1,2";
				VALIDATE_PRODUCT = YES;
			};
			name = Release;
		};
		84B90A091A053823000DCA57 /* Debug */ = {
			isa = XCBuildConfiguration;
			buildSettings = {
				ASSETCATALOG_COMPILER_APPICON_NAME = AppIcon;
				FRAMEWORK_SEARCH_PATHS = (
					"$(inherited)",
					"$(PROJECT_DIR)",
					"$(PROJECT_DIR)/SwordfishGame",
				);
				INFOPLIST_FILE = SwordfishGame/Info.plist;
				LD_RUNPATH_SEARCH_PATHS = "$(inherited) @executable_path/Frameworks";
				PRODUCT_NAME = "$(TARGET_NAME)";
			};
			name = Debug;
		};
		84B90A0A1A053823000DCA57 /* Release */ = {
			isa = XCBuildConfiguration;
			buildSettings = {
				ASSETCATALOG_COMPILER_APPICON_NAME = AppIcon;
				FRAMEWORK_SEARCH_PATHS = (
					"$(inherited)",
					"$(PROJECT_DIR)",
					"$(PROJECT_DIR)/SwordfishGame",
				);
				INFOPLIST_FILE = SwordfishGame/Info.plist;
				LD_RUNPATH_SEARCH_PATHS = "$(inherited) @executable_path/Frameworks";
				PRODUCT_NAME = "$(TARGET_NAME)";
			};
			name = Release;
		};
		84B90A0C1A053823000DCA57 /* Debug */ = {
			isa = XCBuildConfiguration;
			buildSettings = {
				BUNDLE_LOADER = "$(TEST_HOST)";
				FRAMEWORK_SEARCH_PATHS = (
					"$(SDKROOT)/Developer/Library/Frameworks",
					"$(inherited)",
				);
				GCC_PREPROCESSOR_DEFINITIONS = (
					"DEBUG=1",
					"$(inherited)",
				);
				INFOPLIST_FILE = SwordfishGameTests/Info.plist;
				LD_RUNPATH_SEARCH_PATHS = "$(inherited) @executable_path/Frameworks @loader_path/Frameworks";
				PRODUCT_NAME = "$(TARGET_NAME)";
				TEST_HOST = "$(BUILT_PRODUCTS_DIR)/SwordfishGame.app/SwordfishGame";
			};
			name = Debug;
		};
		84B90A0D1A053823000DCA57 /* Release */ = {
			isa = XCBuildConfiguration;
			buildSettings = {
				BUNDLE_LOADER = "$(TEST_HOST)";
				FRAMEWORK_SEARCH_PATHS = (
					"$(SDKROOT)/Developer/Library/Frameworks",
					"$(inherited)",
				);
				INFOPLIST_FILE = SwordfishGameTests/Info.plist;
				LD_RUNPATH_SEARCH_PATHS = "$(inherited) @executable_path/Frameworks @loader_path/Frameworks";
				PRODUCT_NAME = "$(TARGET_NAME)";
				TEST_HOST = "$(BUILT_PRODUCTS_DIR)/SwordfishGame.app/SwordfishGame";
			};
			name = Release;
		};
/* End XCBuildConfiguration section */

/* Begin XCConfigurationList section */
		84B909DB1A053822000DCA57 /* Build configuration list for PBXProject "SwordfishGame" */ = {
			isa = XCConfigurationList;
			buildConfigurations = (
				84B90A061A053823000DCA57 /* Debug */,
				84B90A071A053823000DCA57 /* Release */,
			);
			defaultConfigurationIsVisible = 0;
			defaultConfigurationName = Release;
		};
		84B90A081A053823000DCA57 /* Build configuration list for PBXNativeTarget "SwordfishGame" */ = {
			isa = XCConfigurationList;
			buildConfigurations = (
				84B90A091A053823000DCA57 /* Debug */,
				84B90A0A1A053823000DCA57 /* Release */,
			);
			defaultConfigurationIsVisible = 0;
			defaultConfigurationName = Release;
		};
		84B90A0B1A053823000DCA57 /* Build configuration list for PBXNativeTarget "SwordfishGameTests" */ = {
			isa = XCConfigurationList;
			buildConfigurations = (
				84B90A0C1A053823000DCA57 /* Debug */,
				84B90A0D1A053823000DCA57 /* Release */,
			);
			defaultConfigurationIsVisible = 0;
			defaultConfigurationName = Release;
		};
/* End XCConfigurationList section */

/* Begin XCVersionGroup section */
		849E7F241A0BEA7500EFD6D1 /* QuestionsWithAnswers.xcdatamodeld */ = {
			isa = XCVersionGroup;
			children = (
				849E7F251A0BEA7500EFD6D1 /* QuestionsWithAnswers.xcdatamodel */,
			);
			currentVersion = 849E7F251A0BEA7500EFD6D1 /* QuestionsWithAnswers.xcdatamodel */;
			name = QuestionsWithAnswers.xcdatamodeld;
			path = ../QuestionsWithAnswers.xcdatamodeld;
			sourceTree = "<group>";
			versionGroupType = wrapper.xcdatamodel;
		};
/* End XCVersionGroup section */
	};
	rootObject = 84B909D81A053822000DCA57 /* Project object */;
}
